
Microsoft Visual Studio Solution File, Format Version 12.00
# Visual Studio Version 17
VisualStudioVersion = 17.5.33424.131
MinimumVisualStudioVersion = 10.0.40219.1
Project("{FAE04EC0-301F-11D3-BF4B-00C04F79EFBC}") = "homework10a", "homework10a.csproj", "{08067142-3CE7-4A78-90B9-C3859D21EC5B}"
EndProject
Global
	GlobalSection(SolutionConfigurationPlatforms) = preSolution
		Debug|Any CPU = Debug|Any CPU
		Release|Any CPU = Release|Any CPU
	EndGlobalSection
	GlobalSection(ProjectConfigurationPlatforms) = postSolution
		{08067142-3CE7-4A78-90B9-C3859D21EC5B}.Debug|Any CPU.ActiveCfg = Debug|Any CPU
		{08067142-3CE7-4A78-90B9-C3859D21EC5B}.Debug|Any CPU.Build.0 = Debug|Any CPU
		{08067142-3CE7-4A78-90B9-C3859D21EC5B}.Release|Any CPU.ActiveCfg = Release|Any CPU
		{08067142-3CE7-4A78-90B9-C3859D21EC5B}.Release|Any CPU.Build.0 = Release|Any CPU
	EndGlobalSection
	GlobalSection(SolutionProperties) = preSolution
		HideSolutionNode = FALSE
	EndGlobalSection
	GlobalSection(ExtensibilityGlobals) = postSolution
		SolutionGuid = {D1B32A45-0BA0-49C0-9427-D570A5813E14}
	EndGlobalSection
EndGlobal
