
Microsoft Visual Studio Solution File, Format Version 12.00
# Visual Studio Version 17
VisualStudioVersion = 17.5.33424.131
MinimumVisualStudioVersion = 10.0.40219.1
Project("{FAE04EC0-301F-11D3-BF4B-00C04F79EFBC}") = "hometask7", "hometask7.csproj", "{3ACC0BB7-4331-4891-BD09-2ADEC8708062}"
EndProject
Global
	GlobalSection(SolutionConfigurationPlatforms) = preSolution
		Debug|Any CPU = Debug|Any CPU
		Release|Any CPU = Release|Any CPU
	EndGlobalSection
	GlobalSection(ProjectConfigurationPlatforms) = postSolution
		{3ACC0BB7-4331-4891-BD09-2ADEC8708062}.Debug|Any CPU.ActiveCfg = Debug|Any CPU
		{3ACC0BB7-4331-4891-BD09-2ADEC8708062}.Debug|Any CPU.Build.0 = Debug|Any CPU
		{3ACC0BB7-4331-4891-BD09-2ADEC8708062}.Release|Any CPU.ActiveCfg = Release|Any CPU
		{3ACC0BB7-4331-4891-BD09-2ADEC8708062}.Release|Any CPU.Build.0 = Release|Any CPU
	EndGlobalSection
	GlobalSection(SolutionProperties) = preSolution
		HideSolutionNode = FALSE
	EndGlobalSection
	GlobalSection(ExtensibilityGlobals) = postSolution
		SolutionGuid = {89C7704D-EEEC-4E12-A6E5-252250F6CD29}
	EndGlobalSection
EndGlobal
