
Microsoft Visual Studio Solution File, Format Version 12.00
# Visual Studio Version 17
VisualStudioVersion = 17.5.33424.131
MinimumVisualStudioVersion = 10.0.40219.1
Project("{FAE04EC0-301F-11D3-BF4B-00C04F79EFBC}") = "homework3", "homework3.csproj", "{E851C09E-F4F3-44CC-A7B4-E321A100C094}"
EndProject
Global
	GlobalSection(SolutionConfigurationPlatforms) = preSolution
		Debug|Any CPU = Debug|Any CPU
		Release|Any CPU = Release|Any CPU
	EndGlobalSection
	GlobalSection(ProjectConfigurationPlatforms) = postSolution
		{E851C09E-F4F3-44CC-A7B4-E321A100C094}.Debug|Any CPU.ActiveCfg = Debug|Any CPU
		{E851C09E-F4F3-44CC-A7B4-E321A100C094}.Debug|Any CPU.Build.0 = Debug|Any CPU
		{E851C09E-F4F3-44CC-A7B4-E321A100C094}.Release|Any CPU.ActiveCfg = Release|Any CPU
		{E851C09E-F4F3-44CC-A7B4-E321A100C094}.Release|Any CPU.Build.0 = Release|Any CPU
	EndGlobalSection
	GlobalSection(SolutionProperties) = preSolution
		HideSolutionNode = FALSE
	EndGlobalSection
	GlobalSection(ExtensibilityGlobals) = postSolution
		SolutionGuid = {624F49FC-AD0D-4C3C-9166-25B2015AA438}
	EndGlobalSection
EndGlobal
